// !$*UTF8*$!
{
	archiveVersion = 1;
	classes = {
	};
	objectVersion = 56;
	objects = {

/* Begin PBXBuildFile section */
		76E56D9B29CF9F4400649C78 /* board.cpp in Sources */ = {isa = PBXBuildFile; fileRef = 76E56D9229CF9F4400649C78 /* board.cpp */; };
		76E56D9C29CF9F4400649C78 /* engine_algorithm.cpp in Sources */ = {isa = PBXBuildFile; fileRef = 76E56D9329CF9F4400649C78 /* engine_algorithm.cpp */; };
		76E56D9D29CF9F4400649C78 /* piece.cpp in Sources */ = {isa = PBXBuildFile; fileRef = 76E56D9429CF9F4400649C78 /* piece.cpp */; };
		76E56D9E29CF9F4400649C78 /* main.cpp in Sources */ = {isa = PBXBuildFile; fileRef = 76E56D9A29CF9F4400649C78 /* main.cpp */; };
/* End PBXBuildFile section */

/* Begin PBXCopyFilesBuildPhase section */
		76E56D8529CF9EF800649C78 /* CopyFiles */ = {
			isa = PBXCopyFilesBuildPhase;
			buildActionMask = 2147483647;
			dstPath = /usr/share/man/man1/;
			dstSubfolderSpec = 0;
			files = (
			);
			runOnlyForDeploymentPostprocessing = 1;
		};
/* End PBXCopyFilesBuildPhase section */

/* Begin PBXFileReference section */
		76E56D8729CF9EF800649C78 /* Cpphess */ = {isa = PBXFileReference; explicitFileType = "compiled.mach-o.executable"; includeInIndex = 0; path = Cpphess; sourceTree = BUILT_PRODUCTS_DIR; };
		76E56D9229CF9F4400649C78 /* board.cpp */ = {isa = PBXFileReference; fileEncoding = 4; lastKnownFileType = sourcecode.cpp.cpp; path = board.cpp; sourceTree = "<group>"; };
		76E56D9329CF9F4400649C78 /* engine_algorithm.cpp */ = {isa = PBXFileReference; fileEncoding = 4; lastKnownFileType = sourcecode.cpp.cpp; path = engine_algorithm.cpp; sourceTree = "<group>"; };
		76E56D9429CF9F4400649C78 /* piece.cpp */ = {isa = PBXFileReference; fileEncoding = 4; lastKnownFileType = sourcecode.cpp.cpp; path = piece.cpp; sourceTree = "<group>"; };
		76E56D9529CF9F4400649C78 /* engine_algorithm.hpp */ = {isa = PBXFileReference; fileEncoding = 4; lastKnownFileType = sourcecode.cpp.h; path = engine_algorithm.hpp; sourceTree = "<group>"; };
		76E56D9629CF9F4400649C78 /* board.hpp */ = {isa = PBXFileReference; fileEncoding = 4; lastKnownFileType = sourcecode.cpp.h; path = board.hpp; sourceTree = "<group>"; };
		76E56D9729CF9F4400649C78 /* piece.hpp */ = {isa = PBXFileReference; fileEncoding = 4; lastKnownFileType = sourcecode.cpp.h; path = piece.hpp; sourceTree = "<group>"; };
		76E56D9829CF9F4400649C78 /* dbg_helpers.h */ = {isa = PBXFileReference; fileEncoding = 4; lastKnownFileType = sourcecode.c.h; path = dbg_helpers.h; sourceTree = "<group>"; };
		76E56D9929CF9F4400649C78 /* chess_tree.hpp */ = {isa = PBXFileReference; fileEncoding = 4; lastKnownFileType = sourcecode.cpp.h; path = chess_tree.hpp; sourceTree = "<group>"; };
		76E56D9A29CF9F4400649C78 /* main.cpp */ = {isa = PBXFileReference; fileEncoding = 4; lastKnownFileType = sourcecode.cpp.cpp; path = main.cpp; sourceTree = "<group>"; };
/* End PBXFileReference section */

/* Begin PBXFrameworksBuildPhase section */
		76E56D8429CF9EF800649C78 /* Frameworks */ = {
			isa = PBXFrameworksBuildPhase;
			buildActionMask = 2147483647;
			files = (
			);
			runOnlyForDeploymentPostprocessing = 0;
		};
/* End PBXFrameworksBuildPhase section */

/* Begin PBXGroup section */
		76E56D7E29CF9EF800649C78 = {
			isa = PBXGroup;
			children = (
				76E56D8929CF9EF800649C78 /* Cpphess */,
				76E56D8829CF9EF800649C78 /* Products */,
			);
			sourceTree = "<group>";
		};
		76E56D8829CF9EF800649C78 /* Products */ = {
			isa = PBXGroup;
			children = (
				76E56D8729CF9EF800649C78 /* Cpphess */,
			);
			name = Products;
			sourceTree = "<group>";
		};
		76E56D8929CF9EF800649C78 /* Cpphess */ = {
			isa = PBXGroup;
			children = (
				76E56D9229CF9F4400649C78 /* board.cpp */,
				76E56D9629CF9F4400649C78 /* board.hpp */,
				76E56D9929CF9F4400649C78 /* chess_tree.hpp */,
				76E56D9829CF9F4400649C78 /* dbg_helpers.h */,
				76E56D9329CF9F4400649C78 /* engine_algorithm.cpp */,
				76E56D9529CF9F4400649C78 /* engine_algorithm.hpp */,
				76E56D9A29CF9F4400649C78 /* main.cpp */,
				76E56D9429CF9F4400649C78 /* piece.cpp */,
				76E56D9729CF9F4400649C78 /* piece.hpp */,
			);
			path = Cpphess;
			sourceTree = "<group>";
		};
/* End PBXGroup section */

/* Begin PBXNativeTarget section */
		76E56D8629CF9EF800649C78 /* Cpphess */ = {
			isa = PBXNativeTarget;
			buildConfigurationList = 76E56D8E29CF9EF800649C78 /* Build configuration list for PBXNativeTarget "Cpphess" */;
			buildPhases = (
				76E56D8329CF9EF800649C78 /* Sources */,
				76E56D8429CF9EF800649C78 /* Frameworks */,
				76E56D8529CF9EF800649C78 /* CopyFiles */,
			);
			buildRules = (
			);
			dependencies = (
			);
			name = Cpphess;
			productName = Cpphess;
			productReference = 76E56D8729CF9EF800649C78 /* Cpphess */;
			productType = "com.apple.product-type.tool";
		};
/* End PBXNativeTarget section */

/* Begin PBXProject section */
		76E56D7F29CF9EF800649C78 /* Project object */ = {
			isa = PBXProject;
			attributes = {
				BuildIndependentTargetsInParallel = 1;
				LastUpgradeCheck = 1420;
				TargetAttributes = {
					76E56D8629CF9EF800649C78 = {
						CreatedOnToolsVersion = 14.2;
					};
				};
			};
			buildConfigurationList = 76E56D8229CF9EF800649C78 /* Build configuration list for PBXProject "Cpphess" */;
			compatibilityVersion = "Xcode 14.0";
			developmentRegion = en;
			hasScannedForEncodings = 0;
			knownRegions = (
				en,
				Base,
			);
			mainGroup = 76E56D7E29CF9EF800649C78;
			productRefGroup = 76E56D8829CF9EF800649C78 /* Products */;
			projectDirPath = "";
			projectRoot = "";
			targets = (
				76E56D8629CF9EF800649C78 /* Cpphess */,
			);
		};
/* End PBXProject section */

/* Begin PBXSourcesBuildPhase section */
		76E56D8329CF9EF800649C78 /* Sources */ = {
			isa = PBXSourcesBuildPhase;
			buildActionMask = 2147483647;
			files = (
				76E56D9B29CF9F4400649C78 /* board.cpp in Sources */,
				76E56D9C29CF9F4400649C78 /* engine_algorithm.cpp in Sources */,
				76E56D9E29CF9F4400649C78 /* main.cpp in Sources */,
				76E56D9D29CF9F4400649C78 /* piece.cpp in Sources */,
			);
			runOnlyForDeploymentPostprocessing = 0;
		};
/* End PBXSourcesBuildPhase section */

/* Begin XCBuildConfiguration section */
		76E56D8C29CF9EF800649C78 /* Debug */ = {
			isa = XCBuildConfiguration;
			buildSettings = {
				ALWAYS_SEARCH_USER_PATHS = NO;
				CLANG_ANALYZER_NONNULL = YES;
				CLANG_ANALYZER_NUMBER_OBJECT_CONVERSION = YES_AGGRESSIVE;
				CLANG_CXX_LANGUAGE_STANDARD = "gnu++20";
				CLANG_ENABLE_MODULES = YES;
				CLANG_ENABLE_OBJC_ARC = YES;
				CLANG_ENABLE_OBJC_WEAK = YES;
				CLANG_WARN_BLOCK_CAPTURE_AUTORELEASING = YES;
				CLANG_WARN_BOOL_CONVERSION = YES;
				CLANG_WARN_COMMA = YES;
				CLANG_WARN_CONSTANT_CONVERSION = YES;
				CLANG_WARN_DEPRECATED_OBJC_IMPLEMENTATIONS = YES;
				CLANG_WARN_DIRECT_OBJC_ISA_USAGE = YES_ERROR;
				CLANG_WARN_DOCUMENTATION_COMMENTS = YES;
				CLANG_WARN_EMPTY_BODY = YES;
				CLANG_WARN_ENUM_CONVERSION = YES;
				CLANG_WARN_INFINITE_RECURSION = YES;
				CLANG_WARN_INT_CONVERSION = YES;
				CLANG_WARN_NON_LITERAL_NULL_CONVERSION = YES;
				CLANG_WARN_OBJC_IMPLICIT_RETAIN_SELF = YES;
				CLANG_WARN_OBJC_LITERAL_CONVERSION = YES;
				CLANG_WARN_OBJC_ROOT_CLASS = YES_ERROR;
				CLANG_WARN_QUOTED_INCLUDE_IN_FRAMEWORK_HEADER = YES;
				CLANG_WARN_RANGE_LOOP_ANALYSIS = YES;
				CLANG_WARN_STRICT_PROTOTYPES = YES;
				CLANG_WARN_SUSPICIOUS_MOVE = YES;
				CLANG_WARN_UNGUARDED_AVAILABILITY = YES_AGGRESSIVE;
				CLANG_WARN_UNREACHABLE_CODE = YES;
				CLANG_WARN__DUPLICATE_METHOD_MATCH = YES;
				COPY_PHASE_STRIP = NO;
				DEBUG_INFORMATION_FORMAT = dwarf;
				ENABLE_STRICT_OBJC_MSGSEND = YES;
				ENABLE_TESTABILITY = YES;
				GCC_C_LANGUAGE_STANDARD = gnu11;
				GCC_DYNAMIC_NO_PIC = NO;
				GCC_NO_COMMON_BLOCKS = YES;
				GCC_OPTIMIZATION_LEVEL = 0;
				GCC_PREPROCESSOR_DEFINITIONS = (
					"DEBUG=1",
					"$(inherited)",
				);
				GCC_WARN_64_TO_32_BIT_CONVERSION = YES;
				GCC_WARN_ABOUT_RETURN_TYPE = YES_ERROR;
				GCC_WARN_UNDECLARED_SELECTOR = YES;
				GCC_WARN_UNINITIALIZED_AUTOS = YES_AGGRESSIVE;
				GCC_WARN_UNUSED_FUNCTION = YES;
				GCC_WARN_UNUSED_VARIABLE = YES;
				MACOSX_DEPLOYMENT_TARGET = 13.1;
				MTL_ENABLE_DEBUG_INFO = INCLUDE_SOURCE;
				MTL_FAST_MATH = YES;
				ONLY_ACTIVE_ARCH = YES;
				SDKROOT = macosx;
			};
			name = Debug;
		};
		76E56D8D29CF9EF800649C78 /* Release */ = {
			isa = XCBuildConfiguration;
			buildSettings = {
				ALWAYS_SEARCH_USER_PATHS = NO;
				CLANG_ANALYZER_NONNULL = YES;
				CLANG_ANALYZER_NUMBER_OBJECT_CONVERSION = YES_AGGRESSIVE;
				CLANG_CXX_LANGUAGE_STANDARD = "gnu++20";
				CLANG_ENABLE_MODULES = YES;
				CLANG_ENABLE_OBJC_ARC = YES;
				CLANG_ENABLE_OBJC_WEAK = YES;
				CLANG_WARN_BLOCK_CAPTURE_AUTORELEASING = YES;
				CLANG_WARN_BOOL_CONVERSION = YES;
				CLANG_WARN_COMMA = YES;
				CLANG_WARN_CONSTANT_CONVERSION = YES;
				CLANG_WARN_DEPRECATED_OBJC_IMPLEMENTATIONS = YES;
				CLANG_WARN_DIRECT_OBJC_ISA_USAGE = YES_ERROR;
				CLANG_WARN_DOCUMENTATION_COMMENTS = YES;
				CLANG_WARN_EMPTY_BODY = YES;
				CLANG_WARN_ENUM_CONVERSION = YES;
				CLANG_WARN_INFINITE_RECURSION = YES;
				CLANG_WARN_INT_CONVERSION = YES;
				CLANG_WARN_NON_LITERAL_NULL_CONVERSION = YES;
				CLANG_WARN_OBJC_IMPLICIT_RETAIN_SELF = YES;
				CLANG_WARN_OBJC_LITERAL_CONVERSION = YES;
				CLANG_WARN_OBJC_ROOT_CLASS = YES_ERROR;
				CLANG_WARN_QUOTED_INCLUDE_IN_FRAMEWORK_HEADER = YES;
				CLANG_WARN_RANGE_LOOP_ANALYSIS = YES;
				CLANG_WARN_STRICT_PROTOTYPES = YES;
				CLANG_WARN_SUSPICIOUS_MOVE = YES;
				CLANG_WARN_UNGUARDED_AVAILABILITY = YES_AGGRESSIVE;
				CLANG_WARN_UNREACHABLE_CODE = YES;
				CLANG_WARN__DUPLICATE_METHOD_MATCH = YES;
				COPY_PHASE_STRIP = NO;
				DEBUG_INFORMATION_FORMAT = "dwarf-with-dsym";
				ENABLE_NS_ASSERTIONS = NO;
				ENABLE_STRICT_OBJC_MSGSEND = YES;
				GCC_C_LANGUAGE_STANDARD = gnu11;
				GCC_NO_COMMON_BLOCKS = YES;
				GCC_WARN_64_TO_32_BIT_CONVERSION = YES;
				GCC_WARN_ABOUT_RETURN_TYPE = YES_ERROR;
				GCC_WARN_UNDECLARED_SELECTOR = YES;
				GCC_WARN_UNINITIALIZED_AUTOS = YES_AGGRESSIVE;
				GCC_WARN_UNUSED_FUNCTION = YES;
				GCC_WARN_UNUSED_VARIABLE = YES;
				MACOSX_DEPLOYMENT_TARGET = 13.1;
				MTL_ENABLE_DEBUG_INFO = NO;
				MTL_FAST_MATH = YES;
				SDKROOT = macosx;
			};
			name = Release;
		};
		76E56D8F29CF9EF800649C78 /* Debug */ = {
			isa = XCBuildConfiguration;
			buildSettings = {
				CODE_SIGN_STYLE = Automatic;
				PRODUCT_NAME = "$(TARGET_NAME)";
			};
			name = Debug;
		};
		76E56D9029CF9EF800649C78 /* Release */ = {
			isa = XCBuildConfiguration;
			buildSettings = {
				CODE_SIGN_STYLE = Automatic;
				PRODUCT_NAME = "$(TARGET_NAME)";
			};
			name = Release;
		};
/* End XCBuildConfiguration section */

/* Begin XCConfigurationList section */
		76E56D8229CF9EF800649C78 /* Build configuration list for PBXProject "Cpphess" */ = {
			isa = XCConfigurationList;
			buildConfigurations = (
				76E56D8C29CF9EF800649C78 /* Debug */,
				76E56D8D29CF9EF800649C78 /* Release */,
			);
			defaultConfigurationIsVisible = 0;
			defaultConfigurationName = Release;
		};
		76E56D8E29CF9EF800649C78 /* Build configuration list for PBXNativeTarget "Cpphess" */ = {
			isa = XCConfigurationList;
			buildConfigurations = (
				76E56D8F29CF9EF800649C78 /* Debug */,
				76E56D9029CF9EF800649C78 /* Release */,
			);
			defaultConfigurationIsVisible = 0;
			defaultConfigurationName = Release;
		};
/* End XCConfigurationList section */
	};
	rootObject = 76E56D7F29CF9EF800649C78 /* Project object */;
}
